// !$*UTF8*$!
{
	archiveVersion = 1;
	classes = {
	};
	objectVersion = 46;
	objects = {

/* Begin PBXBuildFile section */
		859AA7751F5B105600869C33 /* AppDelegate.swift in Sources */ = {isa = PBXBuildFile; fileRef = 859AA7741F5B105600869C33 /* AppDelegate.swift */; };
		859AA7781F5B105600869C33 /* TheFirstSwiftApplication.xcdatamodeld in Sources */ = {isa = PBXBuildFile; fileRef = 859AA7761F5B105600869C33 /* TheFirstSwiftApplication.xcdatamodeld */; };
		859AA77A1F5B105600869C33 /* MasterViewController.swift in Sources */ = {isa = PBXBuildFile; fileRef = 859AA7791F5B105600869C33 /* MasterViewController.swift */; };
		859AA77C1F5B105600869C33 /* DetailViewController.swift in Sources */ = {isa = PBXBuildFile; fileRef = 859AA77B1F5B105600869C33 /* DetailViewController.swift */; };
		859AA77F1F5B105600869C33 /* Main.storyboard in Resources */ = {isa = PBXBuildFile; fileRef = 859AA77D1F5B105600869C33 /* Main.storyboard */; };
		859AA7811F5B105600869C33 /* Assets.xcassets in Resources */ = {isa = PBXBuildFile; fileRef = 859AA7801F5B105600869C33 /* Assets.xcassets */; };
		859AA7841F5B105600869C33 /* LaunchScreen.storyboard in Resources */ = {isa = PBXBuildFile; fileRef = 859AA7821F5B105600869C33 /* LaunchScreen.storyboard */; };
		859AA78F1F5B105600869C33 /* TheFirstSwiftApplicationTests.swift in Sources */ = {isa = PBXBuildFile; fileRef = 859AA78E1F5B105600869C33 /* TheFirstSwiftApplicationTests.swift */; };
		859AA79A1F5B105600869C33 /* TheFirstSwiftApplicationUITests.swift in Sources */ = {isa = PBXBuildFile; fileRef = 859AA7991F5B105600869C33 /* TheFirstSwiftApplicationUITests.swift */; };
/* End PBXBuildFile section */

/* Begin PBXContainerItemProxy section */
		859AA78B1F5B105600869C33 /* PBXContainerItemProxy */ = {
			isa = PBXContainerItemProxy;
			containerPortal = 859AA7691F5B105600869C33 /* Project object */;
			proxyType = 1;
			remoteGlobalIDString = 859AA7701F5B105600869C33;
			remoteInfo = TheFirstSwiftApplication;
		};
		859AA7961F5B105600869C33 /* PBXContainerItemProxy */ = {
			isa = PBXContainerItemProxy;
			containerPortal = 859AA7691F5B105600869C33 /* Project object */;
			proxyType = 1;
			remoteGlobalIDString = 859AA7701F5B105600869C33;
			remoteInfo = TheFirstSwiftApplication;
		};
/* End PBXContainerItemProxy section */

/* Begin PBXFileReference section */
		859AA7711F5B105600869C33 /* TheFirstSwiftApplication.app */ = {isa = PBXFileReference; explicitFileType = wrapper.application; includeInIndex = 0; path = TheFirstSwiftApplication.app; sourceTree = BUILT_PRODUCTS_DIR; };
		859AA7741F5B105600869C33 /* AppDelegate.swift */ = {isa = PBXFileReference; lastKnownFileType = sourcecode.swift; path = AppDelegate.swift; sourceTree = "<group>"; };
		859AA7771F5B105600869C33 /* TheFirstSwiftApplication.xcdatamodel */ = {isa = PBXFileReference; lastKnownFileType = wrapper.xcdatamodel; path = TheFirstSwiftApplication.xcdatamodel; sourceTree = "<group>"; };
		859AA7791F5B105600869C33 /* MasterViewController.swift */ = {isa = PBXFileReference; lastKnownFileType = sourcecode.swift; path = MasterViewController.swift; sourceTree = "<group>"; };
		859AA77B1F5B105600869C33 /* DetailViewController.swift */ = {isa = PBXFileReference; lastKnownFileType = sourcecode.swift; path = DetailViewController.swift; sourceTree = "<group>"; };
		859AA77E1F5B105600869C33 /* Base */ = {isa = PBXFileReference; lastKnownFileType = file.storyboard; name = Base; path = Base.lproj/Main.storyboard; sourceTree = "<group>"; };
		859AA7801F5B105600869C33 /* Assets.xcassets */ = {isa = PBXFileReference; lastKnownFileType = folder.assetcatalog; path = Assets.xcassets; sourceTree = "<group>"; };
		859AA7831F5B105600869C33 /* Base */ = {isa = PBXFileReference; lastKnownFileType = file.storyboard; name = Base; path = Base.lproj/LaunchScreen.storyboard; sourceTree = "<group>"; };
		859AA7851F5B105600869C33 /* Info.plist */ = {isa = PBXFileReference; lastKnownFileType = text.plist.xml; path = Info.plist; sourceTree = "<group>"; };
		859AA78A1F5B105600869C33 /* TheFirstSwiftApplicationTests.xctest */ = {isa = PBXFileReference; explicitFileType = wrapper.cfbundle; includeInIndex = 0; path = TheFirstSwiftApplicationTests.xctest; sourceTree = BUILT_PRODUCTS_DIR; };
		859AA78E1F5B105600869C33 /* TheFirstSwiftApplicationTests.swift */ = {isa = PBXFileReference; lastKnownFileType = sourcecode.swift; path = TheFirstSwiftApplicationTests.swift; sourceTree = "<group>"; };
		859AA7901F5B105600869C33 /* Info.plist */ = {isa = PBXFileReference; lastKnownFileType = text.plist.xml; path = Info.plist; sourceTree = "<group>"; };
		859AA7951F5B105600869C33 /* TheFirstSwiftApplicationUITests.xctest */ = {isa = PBXFileReference; explicitFileType = wrapper.cfbundle; includeInIndex = 0; path = TheFirstSwiftApplicationUITests.xctest; sourceTree = BUILT_PRODUCTS_DIR; };
		859AA7991F5B105600869C33 /* TheFirstSwiftApplicationUITests.swift */ = {isa = PBXFileReference; lastKnownFileType = sourcecode.swift; path = TheFirstSwiftApplicationUITests.swift; sourceTree = "<group>"; };
		859AA79B1F5B105600869C33 /* Info.plist */ = {isa = PBXFileReference; lastKnownFileType = text.plist.xml; path = Info.plist; sourceTree = "<group>"; };
/* End PBXFileReference section */

/* Begin PBXFrameworksBuildPhase section */
		859AA76E1F5B105600869C33 /* Frameworks */ = {
			isa = PBXFrameworksBuildPhase;
			buildActionMask = 2147483647;
			files = (
			);
			runOnlyForDeploymentPostprocessing = 0;
		};
		859AA7871F5B105600869C33 /* Frameworks */ = {
			isa = PBXFrameworksBuildPhase;
			buildActionMask = 2147483647;
			files = (
			);
			runOnlyForDeploymentPostprocessing = 0;
		};
		859AA7921F5B105600869C33 /* Frameworks */ = {
			isa = PBXFrameworksBuildPhase;
			buildActionMask = 2147483647;
			files = (
			);
			runOnlyForDeploymentPostprocessing = 0;
		};
/* End PBXFrameworksBuildPhase section */

/* Begin PBXGroup section */
		859AA7681F5B105600869C33 = {
			isa = PBXGroup;
			children = (
				859AA7731F5B105600869C33 /* TheFirstSwiftApplication */,
				859AA78D1F5B105600869C33 /* TheFirstSwiftApplicationTests */,
				859AA7981F5B105600869C33 /* TheFirstSwiftApplicationUITests */,
				859AA7721F5B105600869C33 /* Products */,
			);
			sourceTree = "<group>";
		};
		859AA7721F5B105600869C33 /* Products */ = {
			isa = PBXGroup;
			children = (
				859AA7711F5B105600869C33 /* TheFirstSwiftApplication.app */,
				859AA78A1F5B105600869C33 /* TheFirstSwiftApplicationTests.xctest */,
				859AA7951F5B105600869C33 /* TheFirstSwiftApplicationUITests.xctest */,
			);
			name = Products;
			sourceTree = "<group>";
		};
		859AA7731F5B105600869C33 /* TheFirstSwiftApplication */ = {
			isa = PBXGroup;
			children = (
				859AA7741F5B105600869C33 /* AppDelegate.swift */,
				859AA7791F5B105600869C33 /* MasterViewController.swift */,
				859AA77B1F5B105600869C33 /* DetailViewController.swift */,
				859AA77D1F5B105600869C33 /* Main.storyboard */,
				859AA7801F5B105600869C33 /* Assets.xcassets */,
				859AA7821F5B105600869C33 /* LaunchScreen.storyboard */,
				859AA7851F5B105600869C33 /* Info.plist */,
				859AA7761F5B105600869C33 /* TheFirstSwiftApplication.xcdatamodeld */,
			);
			path = TheFirstSwiftApplication;
			sourceTree = "<group>";
		};
		859AA78D1F5B105600869C33 /* TheFirstSwiftApplicationTests */ = {
			isa = PBXGroup;
			children = (
				859AA78E1F5B105600869C33 /* TheFirstSwiftApplicationTests.swift */,
				859AA7901F5B105600869C33 /* Info.plist */,
			);
			path = TheFirstSwiftApplicationTests;
			sourceTree = "<group>";
		};
		859AA7981F5B105600869C33 /* TheFirstSwiftApplicationUITests */ = {
			isa = PBXGroup;
			children = (
				859AA7991F5B105600869C33 /* TheFirstSwiftApplicationUITests.swift */,
				859AA79B1F5B105600869C33 /* Info.plist */,
			);
			path = TheFirstSwiftApplicationUITests;
			sourceTree = "<group>";
		};
/* End PBXGroup section */

/* Begin PBXNativeTarget section */
		859AA7701F5B105600869C33 /* TheFirstSwiftApplication */ = {
			isa = PBXNativeTarget;
			buildConfigurationList = 859AA79E1F5B105600869C33 /* Build configuration list for PBXNativeTarget "TheFirstSwiftApplication" */;
			buildPhases = (
				859AA76D1F5B105600869C33 /* Sources */,
				859AA76E1F5B105600869C33 /* Frameworks */,
				859AA76F1F5B105600869C33 /* Resources */,
			);
			buildRules = (
			);
			dependencies = (
			);
			name = TheFirstSwiftApplication;
			productName = TheFirstSwiftApplication;
			productReference = 859AA7711F5B105600869C33 /* TheFirstSwiftApplication.app */;
			productType = "com.apple.product-type.application";
		};
		859AA7891F5B105600869C33 /* TheFirstSwiftApplicationTests */ = {
			isa = PBXNativeTarget;
			buildConfigurationList = 859AA7A11F5B105600869C33 /* Build configuration list for PBXNativeTarget "TheFirstSwiftApplicationTests" */;
			buildPhases = (
				859AA7861F5B105600869C33 /* Sources */,
				859AA7871F5B105600869C33 /* Frameworks */,
				859AA7881F5B105600869C33 /* Resources */,
			);
			buildRules = (
			);
			dependencies = (
				859AA78C1F5B105600869C33 /* PBXTargetDependency */,
			);
			name = TheFirstSwiftApplicationTests;
			productName = TheFirstSwiftApplicationTests;
			productReference = 859AA78A1F5B105600869C33 /* TheFirstSwiftApplicationTests.xctest */;
			productType = "com.apple.product-type.bundle.unit-test";
		};
		859AA7941F5B105600869C33 /* TheFirstSwiftApplicationUITests */ = {
			isa = PBXNativeTarget;
			buildConfigurationList = 859AA7A41F5B105600869C33 /* Build configuration list for PBXNativeTarget "TheFirstSwiftApplicationUITests" */;
			buildPhases = (
				859AA7911F5B105600869C33 /* Sources */,
				859AA7921F5B105600869C33 /* Frameworks */,
				859AA7931F5B105600869C33 /* Resources */,
			);
			buildRules = (
			);
			dependencies = (
				859AA7971F5B105600869C33 /* PBXTargetDependency */,
			);
			name = TheFirstSwiftApplicationUITests;
			productName = TheFirstSwiftApplicationUITests;
			productReference = 859AA7951F5B105600869C33 /* TheFirstSwiftApplicationUITests.xctest */;
			productType = "com.apple.product-type.bundle.ui-testing";
		};
/* End PBXNativeTarget section */

/* Begin PBXProject section */
		859AA7691F5B105600869C33 /* Project object */ = {
			isa = PBXProject;
			attributes = {
				LastSwiftUpdateCheck = 0830;
				LastUpgradeCheck = 0830;
				ORGANIZATIONNAME = "Nguyen Dinh Duong";
				TargetAttributes = {
					859AA7701F5B105600869C33 = {
						CreatedOnToolsVersion = 8.3.3;
						ProvisioningStyle = Automatic;
					};
					859AA7891F5B105600869C33 = {
						CreatedOnToolsVersion = 8.3.3;
						ProvisioningStyle = Automatic;
						TestTargetID = 859AA7701F5B105600869C33;
					};
					859AA7941F5B105600869C33 = {
						CreatedOnToolsVersion = 8.3.3;
						ProvisioningStyle = Automatic;
						TestTargetID = 859AA7701F5B105600869C33;
					};
				};
			};
			buildConfigurationList = 859AA76C1F5B105600869C33 /* Build configuration list for PBXProject "TheFirstSwiftApplication" */;
			compatibilityVersion = "Xcode 3.2";
			developmentRegion = English;
			hasScannedForEncodings = 0;
			knownRegions = (
				en,
				Base,
			);
			mainGroup = 859AA7681F5B105600869C33;
			productRefGroup = 859AA7721F5B105600869C33 /* Products */;
			projectDirPath = "";
			projectRoot = "";
			targets = (
				859AA7701F5B105600869C33 /* TheFirstSwiftApplication */,
				859AA7891F5B105600869C33 /* TheFirstSwiftApplicationTests */,
				859AA7941F5B105600869C33 /* TheFirstSwiftApplicationUITests */,
			);
		};
/* End PBXProject section */

/* Begin PBXResourcesBuildPhase section */
		859AA76F1F5B105600869C33 /* Resources */ = {
			isa = PBXResourcesBuildPhase;
			buildActionMask = 2147483647;
			files = (
				859AA7841F5B105600869C33 /* LaunchScreen.storyboard in Resources */,
				859AA7811F5B105600869C33 /* Assets.xcassets in Resources */,
				859AA77F1F5B105600869C33 /* Main.storyboard in Resources */,
			);
			runOnlyForDeploymentPostprocessing = 0;
		};
		859AA7881F5B105600869C33 /* Resources */ = {
			isa = PBXResourcesBuildPhase;
			buildActionMask = 2147483647;
			files = (
			);
			runOnlyForDeploymentPostprocessing = 0;
		};
		859AA7931F5B105600869C33 /* Resources */ = {
			isa = PBXResourcesBuildPhase;
			buildActionMask = 2147483647;
			files = (
			);
			runOnlyForDeploymentPostprocessing = 0;
		};
/* End PBXResourcesBuildPhase section */

/* Begin PBXSourcesBuildPhase section */
		859AA76D1F5B105600869C33 /* Sources */ = {
			isa = PBXSourcesBuildPhase;
			buildActionMask = 2147483647;
			files = (
				859AA7751F5B105600869C33 /* AppDelegate.swift in Sources */,
				859AA7781F5B105600869C33 /* TheFirstSwiftApplication.xcdatamodeld in Sources */,
				859AA77A1F5B105600869C33 /* MasterViewController.swift in Sources */,
				859AA77C1F5B105600869C33 /* DetailViewController.swift in Sources */,
			);
			runOnlyForDeploymentPostprocessing = 0;
		};
		859AA7861F5B105600869C33 /* Sources */ = {
			isa = PBXSourcesBuildPhase;
			buildActionMask = 2147483647;
			files = (
				859AA78F1F5B105600869C33 /* TheFirstSwiftApplicationTests.swift in Sources */,
			);
			runOnlyForDeploymentPostprocessing = 0;
		};
		859AA7911F5B105600869C33 /* Sources */ = {
			isa = PBXSourcesBuildPhase;
			buildActionMask = 2147483647;
			files = (
				859AA79A1F5B105600869C33 /* TheFirstSwiftApplicationUITests.swift in Sources */,
			);
			runOnlyForDeploymentPostprocessing = 0;
		};
/* End PBXSourcesBuildPhase section */

/* Begin PBXTargetDependency section */
		859AA78C1F5B105600869C33 /* PBXTargetDependency */ = {
			isa = PBXTargetDependency;
			target = 859AA7701F5B105600869C33 /* TheFirstSwiftApplication */;
			targetProxy = 859AA78B1F5B105600869C33 /* PBXContainerItemProxy */;
		};
		859AA7971F5B105600869C33 /* PBXTargetDependency */ = {
			isa = PBXTargetDependency;
			target = 859AA7701F5B105600869C33 /* TheFirstSwiftApplication */;
			targetProxy = 859AA7961F5B105600869C33 /* PBXContainerItemProxy */;
		};
/* End PBXTargetDependency section */

/* Begin PBXVariantGroup section */
		859AA77D1F5B105600869C33 /* Main.storyboard */ = {
			isa = PBXVariantGroup;
			children = (
				859AA77E1F5B105600869C33 /* Base */,
			);
			name = Main.storyboard;
			sourceTree = "<group>";
		};
		859AA7821F5B105600869C33 /* LaunchScreen.storyboard */ = {
			isa = PBXVariantGroup;
			children = (
				859AA7831F5B105600869C33 /* Base */,
			);
			name = LaunchScreen.storyboard;
			sourceTree = "<group>";
		};
/* End PBXVariantGroup section */

/* Begin XCBuildConfiguration section */
		859AA79C1F5B105600869C33 /* Debug */ = {
			isa = XCBuildConfiguration;
			buildSettings = {
				ALWAYS_SEARCH_USER_PATHS = NO;
				CLANG_ANALYZER_NONNULL = YES;
				CLANG_ANALYZER_NUMBER_OBJECT_CONVERSION = YES_AGGRESSIVE;
				CLANG_CXX_LANGUAGE_STANDARD = "gnu++0x";
				CLANG_CXX_LIBRARY = "libc++";
				CLANG_ENABLE_MODULES = YES;
				CLANG_ENABLE_OBJC_ARC = YES;
				CLANG_WARN_BOOL_CONVERSION = YES;
				CLANG_WARN_CONSTANT_CONVERSION = YES;
				CLANG_WARN_DIRECT_OBJC_ISA_USAGE = YES_ERROR;
				CLANG_WARN_DOCUMENTATION_COMMENTS = YES;
				CLANG_WARN_EMPTY_BODY = YES;
				CLANG_WARN_ENUM_CONVERSION = YES;
				CLANG_WARN_INFINITE_RECURSION = YES;
				CLANG_WARN_INT_CONVERSION = YES;
				CLANG_WARN_OBJC_ROOT_CLASS = YES_ERROR;
				CLANG_WARN_SUSPICIOUS_MOVE = YES;
				CLANG_WARN_UNREACHABLE_CODE = YES;
				CLANG_WARN__DUPLICATE_METHOD_MATCH = YES;
				"CODE_SIGN_IDENTITY[sdk=iphoneos*]" = "iPhone Developer";
				COPY_PHASE_STRIP = NO;
				DEBUG_INFORMATION_FORMAT = dwarf;
				ENABLE_STRICT_OBJC_MSGSEND = YES;
				ENABLE_TESTABILITY = YES;
				GCC_C_LANGUAGE_STANDARD = gnu99;
				GCC_DYNAMIC_NO_PIC = NO;
				GCC_NO_COMMON_BLOCKS = YES;
				GCC_OPTIMIZATION_LEVEL = 0;
				GCC_PREPROCESSOR_DEFINITIONS = (
					"DEBUG=1",
					"$(inherited)",
				);
				GCC_WARN_64_TO_32_BIT_CONVERSION = YES;
				GCC_WARN_ABOUT_RETURN_TYPE = YES_ERROR;
				GCC_WARN_UNDECLARED_SELECTOR = YES;
				GCC_WARN_UNINITIALIZED_AUTOS = YES_AGGRESSIVE;
				GCC_WARN_UNUSED_FUNCTION = YES;
				GCC_WARN_UNUSED_VARIABLE = YES;
				IPHONEOS_DEPLOYMENT_TARGET = 10.3;
				MTL_ENABLE_DEBUG_INFO = YES;
				ONLY_ACTIVE_ARCH = YES;
				SDKROOT = iphoneos;
				SWIFT_ACTIVE_COMPILATION_CONDITIONS = DEBUG;
				SWIFT_OPTIMIZATION_LEVEL = "-Onone";
			};
			name = Debug;
		};
		859AA79D1F5B105600869C33 /* Release */ = {
			isa = XCBuildConfiguration;
			buildSettings = {
				ALWAYS_SEARCH_USER_PATHS = NO;
				CLANG_ANALYZER_NONNULL = YES;
				CLANG_ANALYZER_NUMBER_OBJECT_CONVERSION = YES_AGGRESSIVE;
				CLANG_CXX_LANGUAGE_STANDARD = "gnu++0x";
				CLANG_CXX_LIBRARY = "libc++";
				CLANG_ENABLE_MODULES = YES;
				CLANG_ENABLE_OBJC_ARC = YES;
				CLANG_WARN_BOOL_CONVERSION = YES;
				CLANG_WARN_CONSTANT_CONVERSION = YES;
				CLANG_WARN_DIRECT_OBJC_ISA_USAGE = YES_ERROR;
				CLANG_WARN_DOCUMENTATION_COMMENTS = YES;
				CLANG_WARN_EMPTY_BODY = YES;
				CLANG_WARN_ENUM_CONVERSION = YES;
				CLANG_WARN_INFINITE_RECURSION = YES;
				CLANG_WARN_INT_CONVERSION = YES;
				CLANG_WARN_OBJC_ROOT_CLASS = YES_ERROR;
				CLANG_WARN_SUSPICIOUS_MOVE = YES;
				CLANG_WARN_UNREACHABLE_CODE = YES;
				CLANG_WARN__DUPLICATE_METHOD_MATCH = YES;
				"CODE_SIGN_IDENTITY[sdk=iphoneos*]" = "iPhone Developer";
				COPY_PHASE_STRIP = NO;
				DEBUG_INFORMATION_FORMAT = "dwarf-with-dsym";
				ENABLE_NS_ASSERTIONS = NO;
				ENABLE_STRICT_OBJC_MSGSEND = YES;
				GCC_C_LANGUAGE_STANDARD = gnu99;
				GCC_NO_COMMON_BLOCKS = YES;
				GCC_WARN_64_TO_32_BIT_CONVERSION = YES;
				GCC_WARN_ABOUT_RETURN_TYPE = YES_ERROR;
				GCC_WARN_UNDECLARED_SELECTOR = YES;
				GCC_WARN_UNINITIALIZED_AUTOS = YES_AGGRESSIVE;
				GCC_WARN_UNUSED_FUNCTION = YES;
				GCC_WARN_UNUSED_VARIABLE = YES;
				IPHONEOS_DEPLOYMENT_TARGET = 10.3;
				MTL_ENABLE_DEBUG_INFO = NO;
				SDKROOT = iphoneos;
				SWIFT_OPTIMIZATION_LEVEL = "-Owholemodule";
				VALIDATE_PRODUCT = YES;
			};
			name = Release;
		};
		859AA79F1F5B105600869C33 /* Debug */ = {
			isa = XCBuildConfiguration;
			buildSettings = {
				ASSETCATALOG_COMPILER_APPICON_NAME = AppIcon;
				INFOPLIST_FILE = TheFirstSwiftApplication/Info.plist;
				LD_RUNPATH_SEARCH_PATHS = "$(inherited) @executable_path/Frameworks";
				PRODUCT_BUNDLE_IDENTIFIER = com.duongnd.TheFirstSwiftApplication;
				PRODUCT_NAME = "$(TARGET_NAME)";
				SWIFT_VERSION = 3.0;
			};
			name = Debug;
		};
		859AA7A01F5B105600869C33 /* Release */ = {
			isa = XCBuildConfiguration;
			buildSettings = {
				ASSETCATALOG_COMPILER_APPICON_NAME = AppIcon;
				INFOPLIST_FILE = TheFirstSwiftApplication/Info.plist;
				LD_RUNPATH_SEARCH_PATHS = "$(inherited) @executable_path/Frameworks";
				PRODUCT_BUNDLE_IDENTIFIER = com.duongnd.TheFirstSwiftApplication;
				PRODUCT_NAME = "$(TARGET_NAME)";
				SWIFT_VERSION = 3.0;
			};
			name = Release;
		};
		859AA7A21F5B105600869C33 /* Debug */ = {
			isa = XCBuildConfiguration;
			buildSettings = {
				ALWAYS_EMBED_SWIFT_STANDARD_LIBRARIES = YES;
				BUNDLE_LOADER = "$(TEST_HOST)";
				INFOPLIST_FILE = TheFirstSwiftApplicationTests/Info.plist;
				LD_RUNPATH_SEARCH_PATHS = "$(inherited) @executable_path/Frameworks @loader_path/Frameworks";
				PRODUCT_BUNDLE_IDENTIFIER = com.duongnd.TheFirstSwiftApplicationTests;
				PRODUCT_NAME = "$(TARGET_NAME)";
				SWIFT_VERSION = 3.0;
				TEST_HOST = "$(BUILT_PRODUCTS_DIR)/TheFirstSwiftApplication.app/TheFirstSwiftApplication";
			};
			name = Debug;
		};
		859AA7A31F5B105600869C33 /* Release */ = {
			isa = XCBuildConfiguration;
			buildSettings = {
				ALWAYS_EMBED_SWIFT_STANDARD_LIBRARIES = YES;
				BUNDLE_LOADER = "$(TEST_HOST)";
				INFOPLIST_FILE = TheFirstSwiftApplicationTests/Info.plist;
				LD_RUNPATH_SEARCH_PATHS = "$(inherited) @executable_path/Frameworks @loader_path/Frameworks";
				PRODUCT_BUNDLE_IDENTIFIER = com.duongnd.TheFirstSwiftApplicationTests;
				PRODUCT_NAME = "$(TARGET_NAME)";
				SWIFT_VERSION = 3.0;
				TEST_HOST = "$(BUILT_PRODUCTS_DIR)/TheFirstSwiftApplication.app/TheFirstSwiftApplication";
			};
			name = Release;
		};
		859AA7A51F5B105600869C33 /* Debug */ = {
			isa = XCBuildConfiguration;
			buildSettings = {
				ALWAYS_EMBED_SWIFT_STANDARD_LIBRARIES = YES;
				INFOPLIST_FILE = TheFirstSwiftApplicationUITests/Info.plist;
				LD_RUNPATH_SEARCH_PATHS = "$(inherited) @executable_path/Frameworks @loader_path/Frameworks";
				PRODUCT_BUNDLE_IDENTIFIER = com.duongnd.TheFirstSwiftApplicationUITests;
				PRODUCT_NAME = "$(TARGET_NAME)";
				SWIFT_VERSION = 3.0;
				TEST_TARGET_NAME = TheFirstSwiftApplication;
			};
			name = Debug;
		};
		859AA7A61F5B105600869C33 /* Release */ = {
			isa = XCBuildConfiguration;
			buildSettings = {
				ALWAYS_EMBED_SWIFT_STANDARD_LIBRARIES = YES;
				INFOPLIST_FILE = TheFirstSwiftApplicationUITests/Info.plist;
				LD_RUNPATH_SEARCH_PATHS = "$(inherited) @executable_path/Frameworks @loader_path/Frameworks";
				PRODUCT_BUNDLE_IDENTIFIER = com.duongnd.TheFirstSwiftApplicationUITests;
				PRODUCT_NAME = "$(TARGET_NAME)";
				SWIFT_VERSION = 3.0;
				TEST_TARGET_NAME = TheFirstSwiftApplication;
			};
			name = Release;
		};
/* End XCBuildConfiguration section */

/* Begin XCConfigurationList section */
		859AA76C1F5B105600869C33 /* Build configuration list for PBXProject "TheFirstSwiftApplication" */ = {
			isa = XCConfigurationList;
			buildConfigurations = (
				859AA79C1F5B105600869C33 /* Debug */,
				859AA79D1F5B105600869C33 /* Release */,
			);
			defaultConfigurationIsVisible = 0;
			defaultConfigurationName = Release;
		};
		859AA79E1F5B105600869C33 /* Build configuration list for PBXNativeTarget "TheFirstSwiftApplication" */ = {
			isa = XCConfigurationList;
			buildConfigurations = (
				859AA79F1F5B105600869C33 /* Debug */,
				859AA7A01F5B105600869C33 /* Release */,
			);
			defaultConfigurationIsVisible = 0;
		};
		859AA7A11F5B105600869C33 /* Build configuration list for PBXNativeTarget "TheFirstSwiftApplicationTests" */ = {
			isa = XCConfigurationList;
			buildConfigurations = (
				859AA7A21F5B105600869C33 /* Debug */,
				859AA7A31F5B105600869C33 /* Release */,
			);
			defaultConfigurationIsVisible = 0;
		};
		859AA7A41F5B105600869C33 /* Build configuration list for PBXNativeTarget "TheFirstSwiftApplicationUITests" */ = {
			isa = XCConfigurationList;
			buildConfigurations = (
				859AA7A51F5B105600869C33 /* Debug */,
				859AA7A61F5B105600869C33 /* Release */,
			);
			defaultConfigurationIsVisible = 0;
		};
/* End XCConfigurationList section */

/* Begin XCVersionGroup section */
		859AA7761F5B105600869C33 /* TheFirstSwiftApplication.xcdatamodeld */ = {
			isa = XCVersionGroup;
			children = (
				859AA7771F5B105600869C33 /* TheFirstSwiftApplication.xcdatamodel */,
			);
			currentVersion = 859AA7771F5B105600869C33 /* TheFirstSwiftApplication.xcdatamodel */;
			path = TheFirstSwiftApplication.xcdatamodeld;
			sourceTree = "<group>";
			versionGroupType = wrapper.xcdatamodel;
		};
/* End XCVersionGroup section */
	};
	rootObject = 859AA7691F5B105600869C33 /* Project object */;
}
